
Microsoft Visual Studio Solution File, Format Version 12.00
# Visual Studio 15
VisualStudioVersion = 15.0.28307.1525
MinimumVisualStudioVersion = 10.0.40219.1
Project("{FAE04EC0-301F-11D3-BF4B-00C04F79EFBC}") = "ProjekatBP2", "ProjekatBP2\ProjekatBP2.csproj", "{5F038D63-2EB9-4B42-931D-5274FF5C4D9C}"
EndProject
Project("{FAE04EC0-301F-11D3-BF4B-00C04F79EFBC}") = "WPF", "WPF\WPF.csproj", "{D4AB8A6E-5085-4998-BB19-ACF431E94A94}"
EndProject
Global
	GlobalSection(SolutionConfigurationPlatforms) = preSolution
		Debug|Any CPU = Debug|Any CPU
		Release|Any CPU = Release|Any CPU
	EndGlobalSection
	GlobalSection(ProjectConfigurationPlatforms) = postSolution
		{5F038D63-2EB9-4B42-931D-5274FF5C4D9C}.Debug|Any CPU.ActiveCfg = Debug|Any CPU
		{5F038D63-2EB9-4B42-931D-5274FF5C4D9C}.Debug|Any CPU.Build.0 = Debug|Any CPU
		{5F038D63-2EB9-4B42-931D-5274FF5C4D9C}.Release|Any CPU.ActiveCfg = Release|Any CPU
		{5F038D63-2EB9-4B42-931D-5274FF5C4D9C}.Release|Any CPU.Build.0 = Release|Any CPU
		{D4AB8A6E-5085-4998-BB19-ACF431E94A94}.Debug|Any CPU.ActiveCfg = Debug|Any CPU
		{D4AB8A6E-5085-4998-BB19-ACF431E94A94}.Debug|Any CPU.Build.0 = Debug|Any CPU
		{D4AB8A6E-5085-4998-BB19-ACF431E94A94}.Release|Any CPU.ActiveCfg = Release|Any CPU
		{D4AB8A6E-5085-4998-BB19-ACF431E94A94}.Release|Any CPU.Build.0 = Release|Any CPU
	EndGlobalSection
	GlobalSection(SolutionProperties) = preSolution
		HideSolutionNode = FALSE
	EndGlobalSection
	GlobalSection(ExtensibilityGlobals) = postSolution
		SolutionGuid = {8D7BEBC7-25BF-4319-9FE9-CBDECE475A1F}
	EndGlobalSection
EndGlobal
